
Microsoft Visual Studio Solution File, Format Version 12.00
# Visual Studio Version 16
VisualStudioVersion = 16.0.30804.86
MinimumVisualStudioVersion = 10.0.40219.1
Project("{FAE04EC0-301F-11D3-BF4B-00C04F79EFBC}") = "KeyboardMouseSimulation", "KeyboardMouseSimulation\KeyboardMouseSimulation.csproj", "{E12DD6A6-2FBE-4DB8-BFD2-AAA75C425122}"
EndProject
Global
	GlobalSection(SolutionConfigurationPlatforms) = preSolution
		Debug|Any CPU = Debug|Any CPU
		Release|Any CPU = Release|Any CPU
	EndGlobalSection
	GlobalSection(ProjectConfigurationPlatforms) = postSolution
		{E12DD6A6-2FBE-4DB8-BFD2-AAA75C425122}.Debug|Any CPU.ActiveCfg = Debug|Any CPU
		{E12DD6A6-2FBE-4DB8-BFD2-AAA75C425122}.Debug|Any CPU.Build.0 = Debug|Any CPU
		{E12DD6A6-2FBE-4DB8-BFD2-AAA75C425122}.Release|Any CPU.ActiveCfg = Release|Any CPU
		{E12DD6A6-2FBE-4DB8-BFD2-AAA75C425122}.Release|Any CPU.Build.0 = Release|Any CPU
	EndGlobalSection
	GlobalSection(SolutionProperties) = preSolution
		HideSolutionNode = FALSE
	EndGlobalSection
	GlobalSection(ExtensibilityGlobals) = postSolution
		SolutionGuid = {9CE602D4-0693-400A-A486-7A46C6857703}
	EndGlobalSection
EndGlobal
